
Microsoft Visual Studio Solution File, Format Version 12.00
# Visual Studio Version 17
VisualStudioVersion = 17.3.32825.248
MinimumVisualStudioVersion = 10.0.40219.1
Project("{FAE04EC0-301F-11D3-BF4B-00C04F79EFBC}") = "Afinitem-AHBS", "Afinitem-AHBS\Afinitem-AHBS.csproj", "{669C4A1D-FAF2-44BD-BD50-6C3614663B0E}"
EndProject
Project("{2150E333-8FDC-42A3-9474-1A3956D46DE8}") = "Çözüm Öğeleri", "Çözüm Öğeleri", "{E7C7E71A-45BF-4312-9238-95AD9643BAEF}"
EndProject
Global
	GlobalSection(SolutionConfigurationPlatforms) = preSolution
		Debug|Any CPU = Debug|Any CPU
		Release|Any CPU = Release|Any CPU
	EndGlobalSection
	GlobalSection(ProjectConfigurationPlatforms) = postSolution
		{669C4A1D-FAF2-44BD-BD50-6C3614663B0E}.Debug|Any CPU.ActiveCfg = Debug|Any CPU
		{669C4A1D-FAF2-44BD-BD50-6C3614663B0E}.Debug|Any CPU.Build.0 = Debug|Any CPU
		{669C4A1D-FAF2-44BD-BD50-6C3614663B0E}.Release|Any CPU.ActiveCfg = Release|Any CPU
		{669C4A1D-FAF2-44BD-BD50-6C3614663B0E}.Release|Any CPU.Build.0 = Release|Any CPU
	EndGlobalSection
	GlobalSection(SolutionProperties) = preSolution
		HideSolutionNode = FALSE
	EndGlobalSection
	GlobalSection(ExtensibilityGlobals) = postSolution
		SolutionGuid = {0E3D91D5-1F4D-427C-B05A-E56ED1F19BCC}
	EndGlobalSection
EndGlobal
